
Microsoft Visual Studio Solution File, Format Version 12.00
# Visual Studio Version 17
VisualStudioVersion = 17.12.35527.113
MinimumVisualStudioVersion = 10.0.40219.1
Project("{FAE04EC0-301F-11D3-BF4B-00C04F79EFBC}") = "PersonInfo", "PersonInfo\PersonInfo.csproj", "{91051B4D-E3DE-4CAA-819C-F5500DA851D3}"
EndProject
Project("{FAE04EC0-301F-11D3-BF4B-00C04F79EFBC}") = "MultipleImplementation", "MultipleImplementation\MultipleImplementation.csproj", "{C59F2BE0-E011-4D49-89A3-616F755185AB}"
EndProject
Project("{FAE04EC0-301F-11D3-BF4B-00C04F79EFBC}") = "Telephony", "Telephony\Telephony.csproj", "{020DE564-1CAC-402D-BD4D-C3194BCA0DF8}"
EndProject
Project("{FAE04EC0-301F-11D3-BF4B-00C04F79EFBC}") = "BorderControl", "BorderControl\BorderControl.csproj", "{6B341110-8053-428B-8F4B-5DE070EA996E}"
EndProject
Project("{FAE04EC0-301F-11D3-BF4B-00C04F79EFBC}") = "BirthdayCelebrations", "BirthdayCelebrations\BirthdayCelebrations.csproj", "{4455F024-5CB6-4BBA-8DF2-D90DC2B0969D}"
EndProject
Project("{FAE04EC0-301F-11D3-BF4B-00C04F79EFBC}") = "FoodShortage", "FoodShortage\FoodShortage.csproj", "{73B85804-65BD-473E-AFD7-9B963AB51B1E}"
EndProject
Global
	GlobalSection(SolutionConfigurationPlatforms) = preSolution
		Debug|Any CPU = Debug|Any CPU
		Release|Any CPU = Release|Any CPU
	EndGlobalSection
	GlobalSection(ProjectConfigurationPlatforms) = postSolution
		{91051B4D-E3DE-4CAA-819C-F5500DA851D3}.Debug|Any CPU.ActiveCfg = Debug|Any CPU
		{91051B4D-E3DE-4CAA-819C-F5500DA851D3}.Debug|Any CPU.Build.0 = Debug|Any CPU
		{91051B4D-E3DE-4CAA-819C-F5500DA851D3}.Release|Any CPU.ActiveCfg = Release|Any CPU
		{91051B4D-E3DE-4CAA-819C-F5500DA851D3}.Release|Any CPU.Build.0 = Release|Any CPU
		{C59F2BE0-E011-4D49-89A3-616F755185AB}.Debug|Any CPU.ActiveCfg = Debug|Any CPU
		{C59F2BE0-E011-4D49-89A3-616F755185AB}.Debug|Any CPU.Build.0 = Debug|Any CPU
		{C59F2BE0-E011-4D49-89A3-616F755185AB}.Release|Any CPU.ActiveCfg = Release|Any CPU
		{C59F2BE0-E011-4D49-89A3-616F755185AB}.Release|Any CPU.Build.0 = Release|Any CPU
		{020DE564-1CAC-402D-BD4D-C3194BCA0DF8}.Debug|Any CPU.ActiveCfg = Debug|Any CPU
		{020DE564-1CAC-402D-BD4D-C3194BCA0DF8}.Debug|Any CPU.Build.0 = Debug|Any CPU
		{020DE564-1CAC-402D-BD4D-C3194BCA0DF8}.Release|Any CPU.ActiveCfg = Release|Any CPU
		{020DE564-1CAC-402D-BD4D-C3194BCA0DF8}.Release|Any CPU.Build.0 = Release|Any CPU
		{6B341110-8053-428B-8F4B-5DE070EA996E}.Debug|Any CPU.ActiveCfg = Debug|Any CPU
		{6B341110-8053-428B-8F4B-5DE070EA996E}.Debug|Any CPU.Build.0 = Debug|Any CPU
		{6B341110-8053-428B-8F4B-5DE070EA996E}.Release|Any CPU.ActiveCfg = Release|Any CPU
		{6B341110-8053-428B-8F4B-5DE070EA996E}.Release|Any CPU.Build.0 = Release|Any CPU
		{4455F024-5CB6-4BBA-8DF2-D90DC2B0969D}.Debug|Any CPU.ActiveCfg = Debug|Any CPU
		{4455F024-5CB6-4BBA-8DF2-D90DC2B0969D}.Debug|Any CPU.Build.0 = Debug|Any CPU
		{4455F024-5CB6-4BBA-8DF2-D90DC2B0969D}.Release|Any CPU.ActiveCfg = Release|Any CPU
		{4455F024-5CB6-4BBA-8DF2-D90DC2B0969D}.Release|Any CPU.Build.0 = Release|Any CPU
		{73B85804-65BD-473E-AFD7-9B963AB51B1E}.Debug|Any CPU.ActiveCfg = Debug|Any CPU
		{73B85804-65BD-473E-AFD7-9B963AB51B1E}.Debug|Any CPU.Build.0 = Debug|Any CPU
		{73B85804-65BD-473E-AFD7-9B963AB51B1E}.Release|Any CPU.ActiveCfg = Release|Any CPU
		{73B85804-65BD-473E-AFD7-9B963AB51B1E}.Release|Any CPU.Build.0 = Release|Any CPU
	EndGlobalSection
	GlobalSection(SolutionProperties) = preSolution
		HideSolutionNode = FALSE
	EndGlobalSection
EndGlobal
