
Microsoft Visual Studio Solution File, Format Version 12.00
# Visual Studio Version 17
VisualStudioVersion = 17.12.35527.113 d17.12
MinimumVisualStudioVersion = 10.0.40219.1
Project("{FAE04EC0-301F-11D3-BF4B-00C04F79EFBC}") = "01. Single Inheritance", "01. Single Inheritance\01. Single Inheritance.csproj", "{3D8BA47B-388C-492B-97AF-93EED06548AD}"
EndProject
Project("{FAE04EC0-301F-11D3-BF4B-00C04F79EFBC}") = "02. Multiple Inheritance", "02. Multiple Inheritance\02. Multiple Inheritance.csproj", "{09BB5611-02E9-4B70-9321-E50CC2B460BE}"
EndProject
Project("{FAE04EC0-301F-11D3-BF4B-00C04F79EFBC}") = "03. Hierarchical Inheritance", "03. Hierarchical Inheritance\03. Hierarchical Inheritance.csproj", "{E5AED527-4890-415C-A9CB-8375111B88B8}"
EndProject
Project("{FAE04EC0-301F-11D3-BF4B-00C04F79EFBC}") = "04. Random List", "04. Random List\04. Random List.csproj", "{D919E7F0-4436-46B0-B789-E2196FDA1676}"
EndProject
Project("{FAE04EC0-301F-11D3-BF4B-00C04F79EFBC}") = "05. Stack of Strings", "05. Stack of Strings\05. Stack of Strings.csproj", "{357928DB-6239-48E0-BE78-B1CF4BF0C991}"
EndProject
Global
	GlobalSection(SolutionConfigurationPlatforms) = preSolution
		Debug|Any CPU = Debug|Any CPU
		Release|Any CPU = Release|Any CPU
	EndGlobalSection
	GlobalSection(ProjectConfigurationPlatforms) = postSolution
		{3D8BA47B-388C-492B-97AF-93EED06548AD}.Debug|Any CPU.ActiveCfg = Debug|Any CPU
		{3D8BA47B-388C-492B-97AF-93EED06548AD}.Debug|Any CPU.Build.0 = Debug|Any CPU
		{3D8BA47B-388C-492B-97AF-93EED06548AD}.Release|Any CPU.ActiveCfg = Release|Any CPU
		{3D8BA47B-388C-492B-97AF-93EED06548AD}.Release|Any CPU.Build.0 = Release|Any CPU
		{09BB5611-02E9-4B70-9321-E50CC2B460BE}.Debug|Any CPU.ActiveCfg = Debug|Any CPU
		{09BB5611-02E9-4B70-9321-E50CC2B460BE}.Debug|Any CPU.Build.0 = Debug|Any CPU
		{09BB5611-02E9-4B70-9321-E50CC2B460BE}.Release|Any CPU.ActiveCfg = Release|Any CPU
		{09BB5611-02E9-4B70-9321-E50CC2B460BE}.Release|Any CPU.Build.0 = Release|Any CPU
		{E5AED527-4890-415C-A9CB-8375111B88B8}.Debug|Any CPU.ActiveCfg = Debug|Any CPU
		{E5AED527-4890-415C-A9CB-8375111B88B8}.Debug|Any CPU.Build.0 = Debug|Any CPU
		{E5AED527-4890-415C-A9CB-8375111B88B8}.Release|Any CPU.ActiveCfg = Release|Any CPU
		{E5AED527-4890-415C-A9CB-8375111B88B8}.Release|Any CPU.Build.0 = Release|Any CPU
		{D919E7F0-4436-46B0-B789-E2196FDA1676}.Debug|Any CPU.ActiveCfg = Debug|Any CPU
		{D919E7F0-4436-46B0-B789-E2196FDA1676}.Debug|Any CPU.Build.0 = Debug|Any CPU
		{D919E7F0-4436-46B0-B789-E2196FDA1676}.Release|Any CPU.ActiveCfg = Release|Any CPU
		{D919E7F0-4436-46B0-B789-E2196FDA1676}.Release|Any CPU.Build.0 = Release|Any CPU
		{357928DB-6239-48E0-BE78-B1CF4BF0C991}.Debug|Any CPU.ActiveCfg = Debug|Any CPU
		{357928DB-6239-48E0-BE78-B1CF4BF0C991}.Debug|Any CPU.Build.0 = Debug|Any CPU
		{357928DB-6239-48E0-BE78-B1CF4BF0C991}.Release|Any CPU.ActiveCfg = Release|Any CPU
		{357928DB-6239-48E0-BE78-B1CF4BF0C991}.Release|Any CPU.Build.0 = Release|Any CPU
	EndGlobalSection
	GlobalSection(SolutionProperties) = preSolution
		HideSolutionNode = FALSE
	EndGlobalSection
EndGlobal
